// !$*UTF8*$!
{
	archiveVersion = 1;
	classes = {
	};
	objectVersion = 55;
	objects = {

/* Begin PBXBuildFile section */
		A32F32EE0D02FF2F52114162 /* Pods_tabiMemo.framework in Frameworks */ = {isa = PBXBuildFile; fileRef = 6C97A9B2D17347CA0ED02102 /* Pods_tabiMemo.framework */; };
		BF71D4CA27524C2F00B407AD /* inputViewController.swift in Sources */ = {isa = PBXBuildFile; fileRef = BF71D4C927524C2F00B407AD /* inputViewController.swift */; };
		BF71D4CC275255A200B407AD /* API.swift in Sources */ = {isa = PBXBuildFile; fileRef = BF71D4CB275255A200B407AD /* API.swift */; };
		BFFC626B2750DCE00025B21A /* AppDelegate.swift in Sources */ = {isa = PBXBuildFile; fileRef = BFFC626A2750DCE00025B21A /* AppDelegate.swift */; };
		BFFC626D2750DCE00025B21A /* SceneDelegate.swift in Sources */ = {isa = PBXBuildFile; fileRef = BFFC626C2750DCE00025B21A /* SceneDelegate.swift */; };
		BFFC626F2750DCE00025B21A /* ViewController.swift in Sources */ = {isa = PBXBuildFile; fileRef = BFFC626E2750DCE00025B21A /* ViewController.swift */; };
		BFFC62722750DCE00025B21A /* Main.storyboard in Resources */ = {isa = PBXBuildFile; fileRef = BFFC62702750DCE00025B21A /* Main.storyboard */; };
		BFFC62742750DCE10025B21A /* Assets.xcassets in Resources */ = {isa = PBXBuildFile; fileRef = BFFC62732750DCE10025B21A /* Assets.xcassets */; };
		BFFC62772750DCE10025B21A /* LaunchScreen.storyboard in Resources */ = {isa = PBXBuildFile; fileRef = BFFC62752750DCE10025B21A /* LaunchScreen.storyboard */; };
/* End PBXBuildFile section */

/* Begin PBXFileReference section */
		6C97A9B2D17347CA0ED02102 /* Pods_tabiMemo.framework */ = {isa = PBXFileReference; explicitFileType = wrapper.framework; includeInIndex = 0; path = Pods_tabiMemo.framework; sourceTree = BUILT_PRODUCTS_DIR; };
		BF71D4C927524C2F00B407AD /* inputViewController.swift */ = {isa = PBXFileReference; lastKnownFileType = sourcecode.swift; path = inputViewController.swift; sourceTree = "<group>"; };
		BF71D4CB275255A200B407AD /* API.swift */ = {isa = PBXFileReference; lastKnownFileType = sourcecode.swift; path = API.swift; sourceTree = "<group>"; };
		BFFC62672750DCE00025B21A /* tabiMemo.app */ = {isa = PBXFileReference; explicitFileType = wrapper.application; includeInIndex = 0; path = tabiMemo.app; sourceTree = BUILT_PRODUCTS_DIR; };
		BFFC626A2750DCE00025B21A /* AppDelegate.swift */ = {isa = PBXFileReference; lastKnownFileType = sourcecode.swift; path = AppDelegate.swift; sourceTree = "<group>"; };
		BFFC626C2750DCE00025B21A /* SceneDelegate.swift */ = {isa = PBXFileReference; lastKnownFileType = sourcecode.swift; path = SceneDelegate.swift; sourceTree = "<group>"; };
		BFFC626E2750DCE00025B21A /* ViewController.swift */ = {isa = PBXFileReference; lastKnownFileType = sourcecode.swift; path = ViewController.swift; sourceTree = "<group>"; };
		BFFC62712750DCE00025B21A /* Base */ = {isa = PBXFileReference; lastKnownFileType = file.storyboard; name = Base; path = Base.lproj/Main.storyboard; sourceTree = "<group>"; };
		BFFC62732750DCE10025B21A /* Assets.xcassets */ = {isa = PBXFileReference; lastKnownFileType = folder.assetcatalog; path = Assets.xcassets; sourceTree = "<group>"; };
		BFFC62762750DCE10025B21A /* Base */ = {isa = PBXFileReference; lastKnownFileType = file.storyboard; name = Base; path = Base.lproj/LaunchScreen.storyboard; sourceTree = "<group>"; };
		BFFC62782750DCE10025B21A /* Info.plist */ = {isa = PBXFileReference; lastKnownFileType = text.plist.xml; path = Info.plist; sourceTree = "<group>"; };
		DFD8D6D2560696F43E1BE8A3 /* Pods-tabiMemo.release.xcconfig */ = {isa = PBXFileReference; includeInIndex = 1; lastKnownFileType = text.xcconfig; name = "Pods-tabiMemo.release.xcconfig"; path = "Target Support Files/Pods-tabiMemo/Pods-tabiMemo.release.xcconfig"; sourceTree = "<group>"; };
		E7015B1BE82B65A99D5AC9D0 /* Pods-tabiMemo.debug.xcconfig */ = {isa = PBXFileReference; includeInIndex = 1; lastKnownFileType = text.xcconfig; name = "Pods-tabiMemo.debug.xcconfig"; path = "Target Support Files/Pods-tabiMemo/Pods-tabiMemo.debug.xcconfig"; sourceTree = "<group>"; };
/* End PBXFileReference section */

/* Begin PBXFrameworksBuildPhase section */
		BFFC62642750DCE00025B21A /* Frameworks */ = {
			isa = PBXFrameworksBuildPhase;
			buildActionMask = 2147483647;
			files = (
				A32F32EE0D02FF2F52114162 /* Pods_tabiMemo.framework in Frameworks */,
			);
			runOnlyForDeploymentPostprocessing = 0;
		};
/* End PBXFrameworksBuildPhase section */

/* Begin PBXGroup section */
		8DDC7910928698E88D4EC1A8 /* Pods */ = {
			isa = PBXGroup;
			children = (
				E7015B1BE82B65A99D5AC9D0 /* Pods-tabiMemo.debug.xcconfig */,
				DFD8D6D2560696F43E1BE8A3 /* Pods-tabiMemo.release.xcconfig */,
			);
			path = Pods;
			sourceTree = "<group>";
		};
		BFFC625E2750DCE00025B21A = {
			isa = PBXGroup;
			children = (
				BFFC62692750DCE00025B21A /* tabiMemo */,
				BFFC62682750DCE00025B21A /* Products */,
				8DDC7910928698E88D4EC1A8 /* Pods */,
				D16AD3369C7B562D571BC658 /* Frameworks */,
			);
			sourceTree = "<group>";
		};
		BFFC62682750DCE00025B21A /* Products */ = {
			isa = PBXGroup;
			children = (
				BFFC62672750DCE00025B21A /* tabiMemo.app */,
			);
			name = Products;
			sourceTree = "<group>";
		};
		BFFC62692750DCE00025B21A /* tabiMemo */ = {
			isa = PBXGroup;
			children = (
				BFFC626A2750DCE00025B21A /* AppDelegate.swift */,
				BFFC626C2750DCE00025B21A /* SceneDelegate.swift */,
				BFFC626E2750DCE00025B21A /* ViewController.swift */,
				BF71D4C927524C2F00B407AD /* inputViewController.swift */,
				BF71D4CB275255A200B407AD /* API.swift */,
				BFFC62702750DCE00025B21A /* Main.storyboard */,
				BFFC62732750DCE10025B21A /* Assets.xcassets */,
				BFFC62752750DCE10025B21A /* LaunchScreen.storyboard */,
				BFFC62782750DCE10025B21A /* Info.plist */,
			);
			path = tabiMemo;
			sourceTree = "<group>";
		};
		D16AD3369C7B562D571BC658 /* Frameworks */ = {
			isa = PBXGroup;
			children = (
				6C97A9B2D17347CA0ED02102 /* Pods_tabiMemo.framework */,
			);
			name = Frameworks;
			sourceTree = "<group>";
		};
/* End PBXGroup section */

/* Begin PBXNativeTarget section */
		BFFC62662750DCE00025B21A /* tabiMemo */ = {
			isa = PBXNativeTarget;
			buildConfigurationList = BFFC627B2750DCE10025B21A /* Build configuration list for PBXNativeTarget "tabiMemo" */;
			buildPhases = (
				25A73723A2C938508C1CB103 /* [CP] Check Pods Manifest.lock */,
				BFFC62632750DCE00025B21A /* Sources */,
				BFFC62642750DCE00025B21A /* Frameworks */,
				BFFC62652750DCE00025B21A /* Resources */,
				80F08E7D13DAC68F7B688E40 /* [CP] Copy Pods Resources */,
			);
			buildRules = (
			);
			dependencies = (
			);
			name = tabiMemo;
			productName = tabiMemo;
			productReference = BFFC62672750DCE00025B21A /* tabiMemo.app */;
			productType = "com.apple.product-type.application";
		};
/* End PBXNativeTarget section */

/* Begin PBXProject section */
		BFFC625F2750DCE00025B21A /* Project object */ = {
			isa = PBXProject;
			attributes = {
				BuildIndependentTargetsInParallel = 1;
				LastSwiftUpdateCheck = 1310;
				LastUpgradeCheck = 1310;
				TargetAttributes = {
					BFFC62662750DCE00025B21A = {
						CreatedOnToolsVersion = 13.1;
					};
				};
			};
			buildConfigurationList = BFFC62622750DCE00025B21A /* Build configuration list for PBXProject "tabiMemo" */;
			compatibilityVersion = "Xcode 13.0";
			developmentRegion = en;
			hasScannedForEncodings = 0;
			knownRegions = (
				en,
				Base,
			);
			mainGroup = BFFC625E2750DCE00025B21A;
			productRefGroup = BFFC62682750DCE00025B21A /* Products */;
			projectDirPath = "";
			projectRoot = "";
			targets = (
				BFFC62662750DCE00025B21A /* tabiMemo */,
			);
		};
/* End PBXProject section */

/* Begin PBXResourcesBuildPhase section */
		BFFC62652750DCE00025B21A /* Resources */ = {
			isa = PBXResourcesBuildPhase;
			buildActionMask = 2147483647;
			files = (
				BFFC62772750DCE10025B21A /* LaunchScreen.storyboard in Resources */,
				BFFC62742750DCE10025B21A /* Assets.xcassets in Resources */,
				BFFC62722750DCE00025B21A /* Main.storyboard in Resources */,
			);
			runOnlyForDeploymentPostprocessing = 0;
		};
/* End PBXResourcesBuildPhase section */

/* Begin PBXShellScriptBuildPhase section */
		25A73723A2C938508C1CB103 /* [CP] Check Pods Manifest.lock */ = {
			isa = PBXShellScriptBuildPhase;
			buildActionMask = 2147483647;
			files = (
			);
			inputFileListPaths = (
			);
			inputPaths = (
				"${PODS_PODFILE_DIR_PATH}/Podfile.lock",
				"${PODS_ROOT}/Manifest.lock",
			);
			name = "[CP] Check Pods Manifest.lock";
			outputFileListPaths = (
			);
			outputPaths = (
				"$(DERIVED_FILE_DIR)/Pods-tabiMemo-checkManifestLockResult.txt",
			);
			runOnlyForDeploymentPostprocessing = 0;
			shellPath = /bin/sh;
			shellScript = "diff \"${PODS_PODFILE_DIR_PATH}/Podfile.lock\" \"${PODS_ROOT}/Manifest.lock\" > /dev/null\nif [ $? != 0 ] ; then\n    # print error to STDERR\n    echo \"error: The sandbox is not in sync with the Podfile.lock. Run 'pod install' or update your CocoaPods installation.\" >&2\n    exit 1\nfi\n# This output is used by Xcode 'outputs' to avoid re-running this script phase.\necho \"SUCCESS\" > \"${SCRIPT_OUTPUT_FILE_0}\"\n";
			showEnvVarsInLog = 0;
		};
		80F08E7D13DAC68F7B688E40 /* [CP] Copy Pods Resources */ = {
			isa = PBXShellScriptBuildPhase;
			buildActionMask = 2147483647;
			files = (
			);
			inputFileListPaths = (
				"${PODS_ROOT}/Target Support Files/Pods-tabiMemo/Pods-tabiMemo-resources-${CONFIGURATION}-input-files.xcfilelist",
			);
			name = "[CP] Copy Pods Resources";
			outputFileListPaths = (
				"${PODS_ROOT}/Target Support Files/Pods-tabiMemo/Pods-tabiMemo-resources-${CONFIGURATION}-output-files.xcfilelist",
			);
			runOnlyForDeploymentPostprocessing = 0;
			shellPath = /bin/sh;
			shellScript = "\"${PODS_ROOT}/Target Support Files/Pods-tabiMemo/Pods-tabiMemo-resources.sh\"\n";
			showEnvVarsInLog = 0;
		};
/* End PBXShellScriptBuildPhase section */

/* Begin PBXSourcesBuildPhase section */
		BFFC62632750DCE00025B21A /* Sources */ = {
			isa = PBXSourcesBuildPhase;
			buildActionMask = 2147483647;
			files = (
				BFFC626F2750DCE00025B21A /* ViewController.swift in Sources */,
				BFFC626B2750DCE00025B21A /* AppDelegate.swift in Sources */,
				BFFC626D2750DCE00025B21A /* SceneDelegate.swift in Sources */,
				BF71D4CA27524C2F00B407AD /* inputViewController.swift in Sources */,
				BF71D4CC275255A200B407AD /* API.swift in Sources */,
			);
			runOnlyForDeploymentPostprocessing = 0;
		};
/* End PBXSourcesBuildPhase section */

/* Begin PBXVariantGroup section */
		BFFC62702750DCE00025B21A /* Main.storyboard */ = {
			isa = PBXVariantGroup;
			children = (
				BFFC62712750DCE00025B21A /* Base */,
			);
			name = Main.storyboard;
			sourceTree = "<group>";
		};
		BFFC62752750DCE10025B21A /* LaunchScreen.storyboard */ = {
			isa = PBXVariantGroup;
			children = (
				BFFC62762750DCE10025B21A /* Base */,
			);
			name = LaunchScreen.storyboard;
			sourceTree = "<group>";
		};
/* End PBXVariantGroup section */

/* Begin XCBuildConfiguration section */
		BFFC62792750DCE10025B21A /* Debug */ = {
			isa = XCBuildConfiguration;
			buildSettings = {
				ALWAYS_SEARCH_USER_PATHS = NO;
				CLANG_ANALYZER_NONNULL = YES;
				CLANG_ANALYZER_NUMBER_OBJECT_CONVERSION = YES_AGGRESSIVE;
				CLANG_CXX_LANGUAGE_STANDARD = "gnu++17";
				CLANG_CXX_LIBRARY = "libc++";
				CLANG_ENABLE_MODULES = YES;
				CLANG_ENABLE_OBJC_ARC = YES;
				CLANG_ENABLE_OBJC_WEAK = YES;
				CLANG_WARN_BLOCK_CAPTURE_AUTORELEASING = YES;
				CLANG_WARN_BOOL_CONVERSION = YES;
				CLANG_WARN_COMMA = YES;
				CLANG_WARN_CONSTANT_CONVERSION = YES;
				CLANG_WARN_DEPRECATED_OBJC_IMPLEMENTATIONS = YES;
				CLANG_WARN_DIRECT_OBJC_ISA_USAGE = YES_ERROR;
				CLANG_WARN_DOCUMENTATION_COMMENTS = YES;
				CLANG_WARN_EMPTY_BODY = YES;
				CLANG_WARN_ENUM_CONVERSION = YES;
				CLANG_WARN_INFINITE_RECURSION = YES;
				CLANG_WARN_INT_CONVERSION = YES;
				CLANG_WARN_NON_LITERAL_NULL_CONVERSION = YES;
				CLANG_WARN_OBJC_IMPLICIT_RETAIN_SELF = YES;
				CLANG_WARN_OBJC_LITERAL_CONVERSION = YES;
				CLANG_WARN_OBJC_ROOT_CLASS = YES_ERROR;
				CLANG_WARN_QUOTED_INCLUDE_IN_FRAMEWORK_HEADER = YES;
				CLANG_WARN_RANGE_LOOP_ANALYSIS = YES;
				CLANG_WARN_STRICT_PROTOTYPES = YES;
				CLANG_WARN_SUSPICIOUS_MOVE = YES;
				CLANG_WARN_UNGUARDED_AVAILABILITY = YES_AGGRESSIVE;
				CLANG_WARN_UNREACHABLE_CODE = YES;
				CLANG_WARN__DUPLICATE_METHOD_MATCH = YES;
				COPY_PHASE_STRIP = NO;
				DEBUG_INFORMATION_FORMAT = dwarf;
				ENABLE_STRICT_OBJC_MSGSEND = YES;
				ENABLE_TESTABILITY = YES;
				GCC_C_LANGUAGE_STANDARD = gnu11;
				GCC_DYNAMIC_NO_PIC = NO;
				GCC_NO_COMMON_BLOCKS = YES;
				GCC_OPTIMIZATION_LEVEL = 0;
				GCC_PREPROCESSOR_DEFINITIONS = (
					"DEBUG=1",
					"$(inherited)",
				);
				GCC_WARN_64_TO_32_BIT_CONVERSION = YES;
				GCC_WARN_ABOUT_RETURN_TYPE = YES_ERROR;
				GCC_WARN_UNDECLARED_SELECTOR = YES;
				GCC_WARN_UNINITIALIZED_AUTOS = YES_AGGRESSIVE;
				GCC_WARN_UNUSED_FUNCTION = YES;
				GCC_WARN_UNUSED_VARIABLE = YES;
				IPHONEOS_DEPLOYMENT_TARGET = 15.0;
				MTL_ENABLE_DEBUG_INFO = INCLUDE_SOURCE;
				MTL_FAST_MATH = YES;
				ONLY_ACTIVE_ARCH = YES;
				SDKROOT = iphoneos;
				SWIFT_ACTIVE_COMPILATION_CONDITIONS = DEBUG;
				SWIFT_OPTIMIZATION_LEVEL = "-Onone";
			};
			name = Debug;
		};
		BFFC627A2750DCE10025B21A /* Release */ = {
			isa = XCBuildConfiguration;
			buildSettings = {
				ALWAYS_SEARCH_USER_PATHS = NO;
				CLANG_ANALYZER_NONNULL = YES;
				CLANG_ANALYZER_NUMBER_OBJECT_CONVERSION = YES_AGGRESSIVE;
				CLANG_CXX_LANGUAGE_STANDARD = "gnu++17";
				CLANG_CXX_LIBRARY = "libc++";
				CLANG_ENABLE_MODULES = YES;
				CLANG_ENABLE_OBJC_ARC = YES;
				CLANG_ENABLE_OBJC_WEAK = YES;
				CLANG_WARN_BLOCK_CAPTURE_AUTORELEASING = YES;
				CLANG_WARN_BOOL_CONVERSION = YES;
				CLANG_WARN_COMMA = YES;
				CLANG_WARN_CONSTANT_CONVERSION = YES;
				CLANG_WARN_DEPRECATED_OBJC_IMPLEMENTATIONS = YES;
				CLANG_WARN_DIRECT_OBJC_ISA_USAGE = YES_ERROR;
				CLANG_WARN_DOCUMENTATION_COMMENTS = YES;
				CLANG_WARN_EMPTY_BODY = YES;
				CLANG_WARN_ENUM_CONVERSION = YES;
				CLANG_WARN_INFINITE_RECURSION = YES;
				CLANG_WARN_INT_CONVERSION = YES;
				CLANG_WARN_NON_LITERAL_NULL_CONVERSION = YES;
				CLANG_WARN_OBJC_IMPLICIT_RETAIN_SELF = YES;
				CLANG_WARN_OBJC_LITERAL_CONVERSION = YES;
				CLANG_WARN_OBJC_ROOT_CLASS = YES_ERROR;
				CLANG_WARN_QUOTED_INCLUDE_IN_FRAMEWORK_HEADER = YES;
				CLANG_WARN_RANGE_LOOP_ANALYSIS = YES;
				CLANG_WARN_STRICT_PROTOTYPES = YES;
				CLANG_WARN_SUSPICIOUS_MOVE = YES;
				CLANG_WARN_UNGUARDED_AVAILABILITY = YES_AGGRESSIVE;
				CLANG_WARN_UNREACHABLE_CODE = YES;
				CLANG_WARN__DUPLICATE_METHOD_MATCH = YES;
				COPY_PHASE_STRIP = NO;
				DEBUG_INFORMATION_FORMAT = "dwarf-with-dsym";
				ENABLE_NS_ASSERTIONS = NO;
				ENABLE_STRICT_OBJC_MSGSEND = YES;
				GCC_C_LANGUAGE_STANDARD = gnu11;
				GCC_NO_COMMON_BLOCKS = YES;
				GCC_WARN_64_TO_32_BIT_CONVERSION = YES;
				GCC_WARN_ABOUT_RETURN_TYPE = YES_ERROR;
				GCC_WARN_UNDECLARED_SELECTOR = YES;
				GCC_WARN_UNINITIALIZED_AUTOS = YES_AGGRESSIVE;
				GCC_WARN_UNUSED_FUNCTION = YES;
				GCC_WARN_UNUSED_VARIABLE = YES;
				IPHONEOS_DEPLOYMENT_TARGET = 15.0;
				MTL_ENABLE_DEBUG_INFO = NO;
				MTL_FAST_MATH = YES;
				SDKROOT = iphoneos;
				SWIFT_COMPILATION_MODE = wholemodule;
				SWIFT_OPTIMIZATION_LEVEL = "-O";
				VALIDATE_PRODUCT = YES;
			};
			name = Release;
		};
		BFFC627C2750DCE10025B21A /* Debug */ = {
			isa = XCBuildConfiguration;
			baseConfigurationReference = E7015B1BE82B65A99D5AC9D0 /* Pods-tabiMemo.debug.xcconfig */;
			buildSettings = {
				ASSETCATALOG_COMPILER_APPICON_NAME = AppIcon;
				ASSETCATALOG_COMPILER_GLOBAL_ACCENT_COLOR_NAME = AccentColor;
				CODE_SIGN_STYLE = Automatic;
				CURRENT_PROJECT_VERSION = 1;
				DEVELOPMENT_TEAM = 3Y24A877KL;
				GENERATE_INFOPLIST_FILE = YES;
				INFOPLIST_FILE = tabiMemo/Info.plist;
				INFOPLIST_KEY_UIApplicationSupportsIndirectInputEvents = YES;
				INFOPLIST_KEY_UILaunchStoryboardName = LaunchScreen;
				INFOPLIST_KEY_UIMainStoryboardFile = Main;
				INFOPLIST_KEY_UISupportedInterfaceOrientations_iPad = "UIInterfaceOrientationPortrait UIInterfaceOrientationPortraitUpsideDown UIInterfaceOrientationLandscapeLeft UIInterfaceOrientationLandscapeRight";
				INFOPLIST_KEY_UISupportedInterfaceOrientations_iPhone = "UIInterfaceOrientationPortrait UIInterfaceOrientationLandscapeLeft UIInterfaceOrientationLandscapeRight";
				LD_RUNPATH_SEARCH_PATHS = (
					"$(inherited)",
					"@executable_path/Frameworks",
				);
				MARKETING_VERSION = 1.0;
				PRODUCT_BUNDLE_IDENTIFIER = tabiMemo;
				PRODUCT_NAME = "$(TARGET_NAME)";
				SWIFT_EMIT_LOC_STRINGS = YES;
				SWIFT_VERSION = 5.0;
				TARGETED_DEVICE_FAMILY = 1;
			};
			name = Debug;
		};
		BFFC627D2750DCE10025B21A /* Release */ = {
			isa = XCBuildConfiguration;
			baseConfigurationReference = DFD8D6D2560696F43E1BE8A3 /* Pods-tabiMemo.release.xcconfig */;
			buildSettings = {
				ASSETCATALOG_COMPILER_APPICON_NAME = AppIcon;
				ASSETCATALOG_COMPILER_GLOBAL_ACCENT_COLOR_NAME = AccentColor;
				CODE_SIGN_STYLE = Automatic;
				CURRENT_PROJECT_VERSION = 1;
				DEVELOPMENT_TEAM = 3Y24A877KL;
				GENERATE_INFOPLIST_FILE = YES;
				INFOPLIST_FILE = tabiMemo/Info.plist;
				INFOPLIST_KEY_UIApplicationSupportsIndirectInputEvents = YES;
				INFOPLIST_KEY_UILaunchStoryboardName = LaunchScreen;
				INFOPLIST_KEY_UIMainStoryboardFile = Main;
				INFOPLIST_KEY_UISupportedInterfaceOrientations_iPad = "UIInterfaceOrientationPortrait UIInterfaceOrientationPortraitUpsideDown UIInterfaceOrientationLandscapeLeft UIInterfaceOrientationLandscapeRight";
				INFOPLIST_KEY_UISupportedInterfaceOrientations_iPhone = "UIInterfaceOrientationPortrait UIInterfaceOrientationLandscapeLeft UIInterfaceOrientationLandscapeRight";
				LD_RUNPATH_SEARCH_PATHS = (
					"$(inherited)",
					"@executable_path/Frameworks",
				);
				MARKETING_VERSION = 1.0;
				PRODUCT_BUNDLE_IDENTIFIER = tabiMemo;
				PRODUCT_NAME = "$(TARGET_NAME)";
				SWIFT_EMIT_LOC_STRINGS = YES;
				SWIFT_VERSION = 5.0;
				TARGETED_DEVICE_FAMILY = 1;
			};
			name = Release;
		};
/* End XCBuildConfiguration section */

/* Begin XCConfigurationList section */
		BFFC62622750DCE00025B21A /* Build configuration list for PBXProject "tabiMemo" */ = {
			isa = XCConfigurationList;
			buildConfigurations = (
				BFFC62792750DCE10025B21A /* Debug */,
				BFFC627A2750DCE10025B21A /* Release */,
			);
			defaultConfigurationIsVisible = 0;
			defaultConfigurationName = Release;
		};
		BFFC627B2750DCE10025B21A /* Build configuration list for PBXNativeTarget "tabiMemo" */ = {
			isa = XCConfigurationList;
			buildConfigurations = (
				BFFC627C2750DCE10025B21A /* Debug */,
				BFFC627D2750DCE10025B21A /* Release */,
			);
			defaultConfigurationIsVisible = 0;
			defaultConfigurationName = Release;
		};
/* End XCConfigurationList section */
	};
	rootObject = BFFC625F2750DCE00025B21A /* Project object */;
}
